
Microsoft Visual Studio Solution File, Format Version 12.00
# Visual Studio Version 17
VisualStudioVersion = 17.9.34728.123
MinimumVisualStudioVersion = 10.0.40219.1
Project("{2150E333-8FDC-42A3-9474-1A3956D46DE8}") = "Domain", "Domain", "{6C382E07-16D4-49C8-9261-AAE556F595EC}"
EndProject
Project("{2150E333-8FDC-42A3-9474-1A3956D46DE8}") = "Services", "Services", "{30CDE41F-7D31-4B52-A742-C9A0731AE479}"
EndProject
Project("{2150E333-8FDC-42A3-9474-1A3956D46DE8}") = "Presentation", "Presentation", "{4104FB99-A6C9-48BA-B449-916C36A8EE4E}"
EndProject
Project("{9A19103F-16F7-4668-BE54-9A1E7A4F7556}") = "Entities", "Domain\Entities\Entities.csproj", "{979AA821-B1AA-4E4B-91EC-ABBB1F9EFAA8}"
EndProject
Project("{9A19103F-16F7-4668-BE54-9A1E7A4F7556}") = "web", "Presentation\web\web.csproj", "{238160F2-9B17-415F-8A33-2F491823A12C}"
EndProject
Project("{9A19103F-16F7-4668-BE54-9A1E7A4F7556}") = "Api", "Presentation\Api\Api.csproj", "{C15D768A-1281-48CF-A3AB-7F0FB8B4B053}"
EndProject
Project("{9A19103F-16F7-4668-BE54-9A1E7A4F7556}") = "Shared", "Service\Shared\Shared.csproj", "{F4DA7B44-97F2-4581-A4CF-8C3BDCC5926D}"
EndProject
Project("{9A19103F-16F7-4668-BE54-9A1E7A4F7556}") = "Contracts", "Domain\Contracts\Contracts.csproj", "{3E495F30-E25E-4A44-A72D-719C4A2E5390}"
EndProject
Project("{9A19103F-16F7-4668-BE54-9A1E7A4F7556}") = "LoggerService", "Service\LoggerService\LoggerService.csproj", "{407856E7-439F-4EFD-9A4C-86144E407364}"
EndProject
Project("{9A19103F-16F7-4668-BE54-9A1E7A4F7556}") = "Repository", "Service\Repository\Repository.csproj", "{98CD6E36-373C-4FFB-8682-3D43F7CE3F3E}"
EndProject
Project("{9A19103F-16F7-4668-BE54-9A1E7A4F7556}") = "DatabaseService", "Service\DatabaseService\DatabaseService.csproj", "{AEFFAD5F-2A02-4F8B-8EA6-FBE97A813FE6}"
EndProject
Project("{FAE04EC0-301F-11D3-BF4B-00C04F79EFBC}") = "CexService", "Service\CexService\CexService.csproj", "{1371AA6A-BE73-4006-93B7-F06C310EAC9C}"
EndProject
Project("{FAE04EC0-301F-11D3-BF4B-00C04F79EFBC}") = "QuotesManager", "Service\QuotesManager\QuotesManager.csproj", "{A1D8DAB3-683F-4EAA-B0E9-9DED1289DB35}"
EndProject
Project("{FAE04EC0-301F-11D3-BF4B-00C04F79EFBC}") = "QuotesReceiver", "Presentation\QuotesReceiver\QuotesReceiver.csproj", "{179EA05A-23CD-4335-8721-091839283D29}"
EndProject
Global
	GlobalSection(SolutionConfigurationPlatforms) = preSolution
		Debug|Any CPU = Debug|Any CPU
		Release|Any CPU = Release|Any CPU
	EndGlobalSection
	GlobalSection(ProjectConfigurationPlatforms) = postSolution
		{979AA821-B1AA-4E4B-91EC-ABBB1F9EFAA8}.Debug|Any CPU.ActiveCfg = Debug|Any CPU
		{979AA821-B1AA-4E4B-91EC-ABBB1F9EFAA8}.Debug|Any CPU.Build.0 = Debug|Any CPU
		{979AA821-B1AA-4E4B-91EC-ABBB1F9EFAA8}.Release|Any CPU.ActiveCfg = Release|Any CPU
		{979AA821-B1AA-4E4B-91EC-ABBB1F9EFAA8}.Release|Any CPU.Build.0 = Release|Any CPU
		{238160F2-9B17-415F-8A33-2F491823A12C}.Debug|Any CPU.ActiveCfg = Debug|Any CPU
		{238160F2-9B17-415F-8A33-2F491823A12C}.Debug|Any CPU.Build.0 = Debug|Any CPU
		{238160F2-9B17-415F-8A33-2F491823A12C}.Release|Any CPU.ActiveCfg = Release|Any CPU
		{238160F2-9B17-415F-8A33-2F491823A12C}.Release|Any CPU.Build.0 = Release|Any CPU
		{C15D768A-1281-48CF-A3AB-7F0FB8B4B053}.Debug|Any CPU.ActiveCfg = Debug|Any CPU
		{C15D768A-1281-48CF-A3AB-7F0FB8B4B053}.Debug|Any CPU.Build.0 = Debug|Any CPU
		{C15D768A-1281-48CF-A3AB-7F0FB8B4B053}.Release|Any CPU.ActiveCfg = Release|Any CPU
		{C15D768A-1281-48CF-A3AB-7F0FB8B4B053}.Release|Any CPU.Build.0 = Release|Any CPU
		{F4DA7B44-97F2-4581-A4CF-8C3BDCC5926D}.Debug|Any CPU.ActiveCfg = Debug|Any CPU
		{F4DA7B44-97F2-4581-A4CF-8C3BDCC5926D}.Debug|Any CPU.Build.0 = Debug|Any CPU
		{F4DA7B44-97F2-4581-A4CF-8C3BDCC5926D}.Release|Any CPU.ActiveCfg = Release|Any CPU
		{F4DA7B44-97F2-4581-A4CF-8C3BDCC5926D}.Release|Any CPU.Build.0 = Release|Any CPU
		{3E495F30-E25E-4A44-A72D-719C4A2E5390}.Debug|Any CPU.ActiveCfg = Debug|Any CPU
		{3E495F30-E25E-4A44-A72D-719C4A2E5390}.Debug|Any CPU.Build.0 = Debug|Any CPU
		{3E495F30-E25E-4A44-A72D-719C4A2E5390}.Release|Any CPU.ActiveCfg = Release|Any CPU
		{3E495F30-E25E-4A44-A72D-719C4A2E5390}.Release|Any CPU.Build.0 = Release|Any CPU
		{407856E7-439F-4EFD-9A4C-86144E407364}.Debug|Any CPU.ActiveCfg = Debug|Any CPU
		{407856E7-439F-4EFD-9A4C-86144E407364}.Debug|Any CPU.Build.0 = Debug|Any CPU
		{407856E7-439F-4EFD-9A4C-86144E407364}.Release|Any CPU.ActiveCfg = Release|Any CPU
		{407856E7-439F-4EFD-9A4C-86144E407364}.Release|Any CPU.Build.0 = Release|Any CPU
		{98CD6E36-373C-4FFB-8682-3D43F7CE3F3E}.Debug|Any CPU.ActiveCfg = Debug|Any CPU
		{98CD6E36-373C-4FFB-8682-3D43F7CE3F3E}.Debug|Any CPU.Build.0 = Debug|Any CPU
		{98CD6E36-373C-4FFB-8682-3D43F7CE3F3E}.Release|Any CPU.ActiveCfg = Release|Any CPU
		{98CD6E36-373C-4FFB-8682-3D43F7CE3F3E}.Release|Any CPU.Build.0 = Release|Any CPU
		{AEFFAD5F-2A02-4F8B-8EA6-FBE97A813FE6}.Debug|Any CPU.ActiveCfg = Debug|Any CPU
		{AEFFAD5F-2A02-4F8B-8EA6-FBE97A813FE6}.Debug|Any CPU.Build.0 = Debug|Any CPU
		{AEFFAD5F-2A02-4F8B-8EA6-FBE97A813FE6}.Release|Any CPU.ActiveCfg = Release|Any CPU
		{AEFFAD5F-2A02-4F8B-8EA6-FBE97A813FE6}.Release|Any CPU.Build.0 = Release|Any CPU
		{1371AA6A-BE73-4006-93B7-F06C310EAC9C}.Debug|Any CPU.ActiveCfg = Debug|Any CPU
		{1371AA6A-BE73-4006-93B7-F06C310EAC9C}.Debug|Any CPU.Build.0 = Debug|Any CPU
		{1371AA6A-BE73-4006-93B7-F06C310EAC9C}.Release|Any CPU.ActiveCfg = Release|Any CPU
		{1371AA6A-BE73-4006-93B7-F06C310EAC9C}.Release|Any CPU.Build.0 = Release|Any CPU
		{A1D8DAB3-683F-4EAA-B0E9-9DED1289DB35}.Debug|Any CPU.ActiveCfg = Debug|Any CPU
		{A1D8DAB3-683F-4EAA-B0E9-9DED1289DB35}.Debug|Any CPU.Build.0 = Debug|Any CPU
		{A1D8DAB3-683F-4EAA-B0E9-9DED1289DB35}.Release|Any CPU.ActiveCfg = Release|Any CPU
		{A1D8DAB3-683F-4EAA-B0E9-9DED1289DB35}.Release|Any CPU.Build.0 = Release|Any CPU
		{179EA05A-23CD-4335-8721-091839283D29}.Debug|Any CPU.ActiveCfg = Debug|Any CPU
		{179EA05A-23CD-4335-8721-091839283D29}.Debug|Any CPU.Build.0 = Debug|Any CPU
		{179EA05A-23CD-4335-8721-091839283D29}.Release|Any CPU.ActiveCfg = Release|Any CPU
		{179EA05A-23CD-4335-8721-091839283D29}.Release|Any CPU.Build.0 = Release|Any CPU
	EndGlobalSection
	GlobalSection(SolutionProperties) = preSolution
		HideSolutionNode = FALSE
	EndGlobalSection
	GlobalSection(NestedProjects) = preSolution
		{979AA821-B1AA-4E4B-91EC-ABBB1F9EFAA8} = {6C382E07-16D4-49C8-9261-AAE556F595EC}
		{238160F2-9B17-415F-8A33-2F491823A12C} = {4104FB99-A6C9-48BA-B449-916C36A8EE4E}
		{C15D768A-1281-48CF-A3AB-7F0FB8B4B053} = {4104FB99-A6C9-48BA-B449-916C36A8EE4E}
		{F4DA7B44-97F2-4581-A4CF-8C3BDCC5926D} = {30CDE41F-7D31-4B52-A742-C9A0731AE479}
		{3E495F30-E25E-4A44-A72D-719C4A2E5390} = {6C382E07-16D4-49C8-9261-AAE556F595EC}
		{407856E7-439F-4EFD-9A4C-86144E407364} = {30CDE41F-7D31-4B52-A742-C9A0731AE479}
		{98CD6E36-373C-4FFB-8682-3D43F7CE3F3E} = {30CDE41F-7D31-4B52-A742-C9A0731AE479}
		{AEFFAD5F-2A02-4F8B-8EA6-FBE97A813FE6} = {30CDE41F-7D31-4B52-A742-C9A0731AE479}
		{1371AA6A-BE73-4006-93B7-F06C310EAC9C} = {30CDE41F-7D31-4B52-A742-C9A0731AE479}
		{A1D8DAB3-683F-4EAA-B0E9-9DED1289DB35} = {30CDE41F-7D31-4B52-A742-C9A0731AE479}
		{179EA05A-23CD-4335-8721-091839283D29} = {4104FB99-A6C9-48BA-B449-916C36A8EE4E}
	EndGlobalSection
	GlobalSection(ExtensibilityGlobals) = postSolution
		SolutionGuid = {16D874B0-0A85-4C0A-B95A-3DA5AE432FA5}
	EndGlobalSection
EndGlobal
